// !$*UTF8*$!
{
	archiveVersion = 1;
	classes = {
	};
	objectVersion = 56;
	objects = {

/* Begin PBXBuildFile section */
		DC207932297740CD00FABE95 /* AppDelegate.swift in Sources */ = {isa = PBXBuildFile; fileRef = DC207931297740CD00FABE95 /* AppDelegate.swift */; };
		DC207934297740CD00FABE95 /* SceneDelegate.swift in Sources */ = {isa = PBXBuildFile; fileRef = DC207933297740CD00FABE95 /* SceneDelegate.swift */; };
		DC207936297740CD00FABE95 /* HomeViewController.swift in Sources */ = {isa = PBXBuildFile; fileRef = DC207935297740CD00FABE95 /* HomeViewController.swift */; };
		DC20793B297740CE00FABE95 /* Assets.xcassets in Resources */ = {isa = PBXBuildFile; fileRef = DC20793A297740CE00FABE95 /* Assets.xcassets */; };
		DC20793E297740CE00FABE95 /* LaunchScreen.storyboard in Resources */ = {isa = PBXBuildFile; fileRef = DC20793C297740CE00FABE95 /* LaunchScreen.storyboard */; };
		DC20794C297741D500FABE95 /* TabItem.swift in Sources */ = {isa = PBXBuildFile; fileRef = DC20794B297741D500FABE95 /* TabItem.swift */; };
		DC20795329774BAB00FABE95 /* FavoritesViewController.swift in Sources */ = {isa = PBXBuildFile; fileRef = DC20795229774BAB00FABE95 /* FavoritesViewController.swift */; };
		DC2079582977625500FABE95 /* Place.swift in Sources */ = {isa = PBXBuildFile; fileRef = DC2079572977625500FABE95 /* Place.swift */; };
		DC20795A2977636A00FABE95 /* Review.swift in Sources */ = {isa = PBXBuildFile; fileRef = DC2079592977636A00FABE95 /* Review.swift */; };
		E7C6BED02978558000E587EA /* FavoriteViewCell.swift in Sources */ = {isa = PBXBuildFile; fileRef = E7C6BECF2978558000E587EA /* FavoriteViewCell.swift */; };
/* End PBXBuildFile section */

/* Begin PBXFileReference section */
		DC20792E297740CD00FABE95 /* FoodLab.app */ = {isa = PBXFileReference; explicitFileType = wrapper.application; includeInIndex = 0; path = FoodLab.app; sourceTree = BUILT_PRODUCTS_DIR; };
		DC207931297740CD00FABE95 /* AppDelegate.swift */ = {isa = PBXFileReference; lastKnownFileType = sourcecode.swift; path = AppDelegate.swift; sourceTree = "<group>"; };
		DC207933297740CD00FABE95 /* SceneDelegate.swift */ = {isa = PBXFileReference; lastKnownFileType = sourcecode.swift; path = SceneDelegate.swift; sourceTree = "<group>"; };
		DC207935297740CD00FABE95 /* HomeViewController.swift */ = {isa = PBXFileReference; lastKnownFileType = sourcecode.swift; path = HomeViewController.swift; sourceTree = "<group>"; };
		DC20793A297740CE00FABE95 /* Assets.xcassets */ = {isa = PBXFileReference; lastKnownFileType = folder.assetcatalog; path = Assets.xcassets; sourceTree = "<group>"; };
		DC20793D297740CE00FABE95 /* Base */ = {isa = PBXFileReference; lastKnownFileType = file.storyboard; name = Base; path = Base.lproj/LaunchScreen.storyboard; sourceTree = "<group>"; };
		DC20793F297740CE00FABE95 /* Info.plist */ = {isa = PBXFileReference; lastKnownFileType = text.plist.xml; path = Info.plist; sourceTree = "<group>"; };
		DC20794B297741D500FABE95 /* TabItem.swift */ = {isa = PBXFileReference; lastKnownFileType = sourcecode.swift; path = TabItem.swift; sourceTree = "<group>"; };
		DC20795229774BAB00FABE95 /* FavoritesViewController.swift */ = {isa = PBXFileReference; lastKnownFileType = sourcecode.swift; path = FavoritesViewController.swift; sourceTree = "<group>"; };
		DC2079542977586D00FABE95 /* README.md */ = {isa = PBXFileReference; lastKnownFileType = net.daringfireball.markdown; path = README.md; sourceTree = "<group>"; };
		DC2079572977625500FABE95 /* Place.swift */ = {isa = PBXFileReference; lastKnownFileType = sourcecode.swift; path = Place.swift; sourceTree = "<group>"; };
		DC2079592977636A00FABE95 /* Review.swift */ = {isa = PBXFileReference; lastKnownFileType = sourcecode.swift; path = Review.swift; sourceTree = "<group>"; };
		E7C6BECF2978558000E587EA /* FavoriteViewCell.swift */ = {isa = PBXFileReference; lastKnownFileType = sourcecode.swift; path = FavoriteViewCell.swift; sourceTree = "<group>"; };
/* End PBXFileReference section */

/* Begin PBXFrameworksBuildPhase section */
		DC20792B297740CD00FABE95 /* Frameworks */ = {
			isa = PBXFrameworksBuildPhase;
			buildActionMask = 2147483647;
			files = (
			);
			runOnlyForDeploymentPostprocessing = 0;
		};
/* End PBXFrameworksBuildPhase section */

/* Begin PBXGroup section */
		DC207925297740CD00FABE95 = {
			isa = PBXGroup;
			children = (
				DC2079542977586D00FABE95 /* README.md */,
				DC207930297740CD00FABE95 /* FoodLab */,
				DC20792F297740CD00FABE95 /* Products */,
			);
			sourceTree = "<group>";
		};
		DC20792F297740CD00FABE95 /* Products */ = {
			isa = PBXGroup;
			children = (
				DC20792E297740CD00FABE95 /* FoodLab.app */,
			);
			name = Products;
			sourceTree = "<group>";
		};
		DC207930297740CD00FABE95 /* FoodLab */ = {
			isa = PBXGroup;
			children = (
				DC20795129774B4A00FABE95 /* Favorites */,
				DC207945297740FA00FABE95 /* Core */,
				DC2079482977413100FABE95 /* Home */,
				DC20794A297741BD00FABE95 /* Models */,
				DC2079462977410200FABE95 /* Resources */,
				DC20794D297741E700FABE95 /* Utils */,
			);
			path = FoodLab;
			sourceTree = "<group>";
		};
		DC207945297740FA00FABE95 /* Core */ = {
			isa = PBXGroup;
			children = (
				DC207933297740CD00FABE95 /* SceneDelegate.swift */,
				DC207931297740CD00FABE95 /* AppDelegate.swift */,
			);
			path = Core;
			sourceTree = "<group>";
		};
		DC2079462977410200FABE95 /* Resources */ = {
			isa = PBXGroup;
			children = (
				DC20793F297740CE00FABE95 /* Info.plist */,
				DC20793C297740CE00FABE95 /* LaunchScreen.storyboard */,
				DC20793A297740CE00FABE95 /* Assets.xcassets */,
			);
			path = Resources;
			sourceTree = "<group>";
		};
		DC2079482977413100FABE95 /* Home */ = {
			isa = PBXGroup;
			children = (
				DC207935297740CD00FABE95 /* HomeViewController.swift */,
			);
			path = Home;
			sourceTree = "<group>";
		};
		DC20794A297741BD00FABE95 /* Models */ = {
			isa = PBXGroup;
			children = (
				DC20794B297741D500FABE95 /* TabItem.swift */,
				DC2079572977625500FABE95 /* Place.swift */,
				DC2079592977636A00FABE95 /* Review.swift */,
			);
			path = Models;
			sourceTree = "<group>";
		};
		DC20794D297741E700FABE95 /* Utils */ = {
			isa = PBXGroup;
			children = (
			);
			path = Utils;
			sourceTree = "<group>";
		};
		DC20795129774B4A00FABE95 /* Favorites */ = {
			isa = PBXGroup;
			children = (
				DC20795229774BAB00FABE95 /* FavoritesViewController.swift */,
				E7C6BECF2978558000E587EA /* FavoriteViewCell.swift */,
			);
			path = Favorites;
			sourceTree = "<group>";
		};
/* End PBXGroup section */

/* Begin PBXNativeTarget section */
		DC20792D297740CD00FABE95 /* FoodLab */ = {
			isa = PBXNativeTarget;
			buildConfigurationList = DC207942297740CE00FABE95 /* Build configuration list for PBXNativeTarget "FoodLab" */;
			buildPhases = (
				DC20792A297740CD00FABE95 /* Sources */,
				DC20792B297740CD00FABE95 /* Frameworks */,
				DC20792C297740CD00FABE95 /* Resources */,
			);
			buildRules = (
			);
			dependencies = (
			);
			name = FoodLab;
			productName = FoodLab;
			productReference = DC20792E297740CD00FABE95 /* FoodLab.app */;
			productType = "com.apple.product-type.application";
		};
/* End PBXNativeTarget section */

/* Begin PBXProject section */
		DC207926297740CD00FABE95 /* Project object */ = {
			isa = PBXProject;
			attributes = {
				BuildIndependentTargetsInParallel = 1;
				LastSwiftUpdateCheck = 1420;
				LastUpgradeCheck = 1420;
				TargetAttributes = {
					DC20792D297740CD00FABE95 = {
						CreatedOnToolsVersion = 14.2;
					};
				};
			};
			buildConfigurationList = DC207929297740CD00FABE95 /* Build configuration list for PBXProject "FoodLab" */;
			compatibilityVersion = "Xcode 14.0";
			developmentRegion = en;
			hasScannedForEncodings = 0;
			knownRegions = (
				en,
				Base,
			);
			mainGroup = DC207925297740CD00FABE95;
			productRefGroup = DC20792F297740CD00FABE95 /* Products */;
			projectDirPath = "";
			projectRoot = "";
			targets = (
				DC20792D297740CD00FABE95 /* FoodLab */,
			);
		};
/* End PBXProject section */

/* Begin PBXResourcesBuildPhase section */
		DC20792C297740CD00FABE95 /* Resources */ = {
			isa = PBXResourcesBuildPhase;
			buildActionMask = 2147483647;
			files = (
				DC20793E297740CE00FABE95 /* LaunchScreen.storyboard in Resources */,
				DC20793B297740CE00FABE95 /* Assets.xcassets in Resources */,
			);
			runOnlyForDeploymentPostprocessing = 0;
		};
/* End PBXResourcesBuildPhase section */

/* Begin PBXSourcesBuildPhase section */
		DC20792A297740CD00FABE95 /* Sources */ = {
			isa = PBXSourcesBuildPhase;
			buildActionMask = 2147483647;
			files = (
				DC207936297740CD00FABE95 /* HomeViewController.swift in Sources */,
				DC20795A2977636A00FABE95 /* Review.swift in Sources */,
				DC207932297740CD00FABE95 /* AppDelegate.swift in Sources */,
				DC20794C297741D500FABE95 /* TabItem.swift in Sources */,
				E7C6BED02978558000E587EA /* FavoriteViewCell.swift in Sources */,
				DC20795329774BAB00FABE95 /* FavoritesViewController.swift in Sources */,
				DC2079582977625500FABE95 /* Place.swift in Sources */,
				DC207934297740CD00FABE95 /* SceneDelegate.swift in Sources */,
			);
			runOnlyForDeploymentPostprocessing = 0;
		};
/* End PBXSourcesBuildPhase section */

/* Begin PBXVariantGroup section */
		DC20793C297740CE00FABE95 /* LaunchScreen.storyboard */ = {
			isa = PBXVariantGroup;
			children = (
				DC20793D297740CE00FABE95 /* Base */,
			);
			name = LaunchScreen.storyboard;
			sourceTree = "<group>";
		};
/* End PBXVariantGroup section */

/* Begin XCBuildConfiguration section */
		DC207940297740CE00FABE95 /* Debug */ = {
			isa = XCBuildConfiguration;
			buildSettings = {
				ALWAYS_SEARCH_USER_PATHS = NO;
				CLANG_ANALYZER_NONNULL = YES;
				CLANG_ANALYZER_NUMBER_OBJECT_CONVERSION = YES_AGGRESSIVE;
				CLANG_CXX_LANGUAGE_STANDARD = "gnu++20";
				CLANG_ENABLE_MODULES = YES;
				CLANG_ENABLE_OBJC_ARC = YES;
				CLANG_ENABLE_OBJC_WEAK = YES;
				CLANG_WARN_BLOCK_CAPTURE_AUTORELEASING = YES;
				CLANG_WARN_BOOL_CONVERSION = YES;
				CLANG_WARN_COMMA = YES;
				CLANG_WARN_CONSTANT_CONVERSION = YES;
				CLANG_WARN_DEPRECATED_OBJC_IMPLEMENTATIONS = YES;
				CLANG_WARN_DIRECT_OBJC_ISA_USAGE = YES_ERROR;
				CLANG_WARN_DOCUMENTATION_COMMENTS = YES;
				CLANG_WARN_EMPTY_BODY = YES;
				CLANG_WARN_ENUM_CONVERSION = YES;
				CLANG_WARN_INFINITE_RECURSION = YES;
				CLANG_WARN_INT_CONVERSION = YES;
				CLANG_WARN_NON_LITERAL_NULL_CONVERSION = YES;
				CLANG_WARN_OBJC_IMPLICIT_RETAIN_SELF = YES;
				CLANG_WARN_OBJC_LITERAL_CONVERSION = YES;
				CLANG_WARN_OBJC_ROOT_CLASS = YES_ERROR;
				CLANG_WARN_QUOTED_INCLUDE_IN_FRAMEWORK_HEADER = YES;
				CLANG_WARN_RANGE_LOOP_ANALYSIS = YES;
				CLANG_WARN_STRICT_PROTOTYPES = YES;
				CLANG_WARN_SUSPICIOUS_MOVE = YES;
				CLANG_WARN_UNGUARDED_AVAILABILITY = YES_AGGRESSIVE;
				CLANG_WARN_UNREACHABLE_CODE = YES;
				CLANG_WARN__DUPLICATE_METHOD_MATCH = YES;
				COPY_PHASE_STRIP = NO;
				DEBUG_INFORMATION_FORMAT = dwarf;
				ENABLE_STRICT_OBJC_MSGSEND = YES;
				ENABLE_TESTABILITY = YES;
				GCC_C_LANGUAGE_STANDARD = gnu11;
				GCC_DYNAMIC_NO_PIC = NO;
				GCC_NO_COMMON_BLOCKS = YES;
				GCC_OPTIMIZATION_LEVEL = 0;
				GCC_PREPROCESSOR_DEFINITIONS = (
					"DEBUG=1",
					"$(inherited)",
				);
				GCC_WARN_64_TO_32_BIT_CONVERSION = YES;
				GCC_WARN_ABOUT_RETURN_TYPE = YES_ERROR;
				GCC_WARN_UNDECLARED_SELECTOR = YES;
				GCC_WARN_UNINITIALIZED_AUTOS = YES_AGGRESSIVE;
				GCC_WARN_UNUSED_FUNCTION = YES;
				GCC_WARN_UNUSED_VARIABLE = YES;
				INFOPLIST_FILE = FoodLab/Resources/Info.plist;
				IPHONEOS_DEPLOYMENT_TARGET = 16.2;
				MTL_ENABLE_DEBUG_INFO = INCLUDE_SOURCE;
				MTL_FAST_MATH = YES;
				ONLY_ACTIVE_ARCH = YES;
				SDKROOT = iphoneos;
				SWIFT_ACTIVE_COMPILATION_CONDITIONS = DEBUG;
				SWIFT_OPTIMIZATION_LEVEL = "-Onone";
			};
			name = Debug;
		};
		DC207941297740CE00FABE95 /* Release */ = {
			isa = XCBuildConfiguration;
			buildSettings = {
				ALWAYS_SEARCH_USER_PATHS = NO;
				CLANG_ANALYZER_NONNULL = YES;
				CLANG_ANALYZER_NUMBER_OBJECT_CONVERSION = YES_AGGRESSIVE;
				CLANG_CXX_LANGUAGE_STANDARD = "gnu++20";
				CLANG_ENABLE_MODULES = YES;
				CLANG_ENABLE_OBJC_ARC = YES;
				CLANG_ENABLE_OBJC_WEAK = YES;
				CLANG_WARN_BLOCK_CAPTURE_AUTORELEASING = YES;
				CLANG_WARN_BOOL_CONVERSION = YES;
				CLANG_WARN_COMMA = YES;
				CLANG_WARN_CONSTANT_CONVERSION = YES;
				CLANG_WARN_DEPRECATED_OBJC_IMPLEMENTATIONS = YES;
				CLANG_WARN_DIRECT_OBJC_ISA_USAGE = YES_ERROR;
				CLANG_WARN_DOCUMENTATION_COMMENTS = YES;
				CLANG_WARN_EMPTY_BODY = YES;
				CLANG_WARN_ENUM_CONVERSION = YES;
				CLANG_WARN_INFINITE_RECURSION = YES;
				CLANG_WARN_INT_CONVERSION = YES;
				CLANG_WARN_NON_LITERAL_NULL_CONVERSION = YES;
				CLANG_WARN_OBJC_IMPLICIT_RETAIN_SELF = YES;
				CLANG_WARN_OBJC_LITERAL_CONVERSION = YES;
				CLANG_WARN_OBJC_ROOT_CLASS = YES_ERROR;
				CLANG_WARN_QUOTED_INCLUDE_IN_FRAMEWORK_HEADER = YES;
				CLANG_WARN_RANGE_LOOP_ANALYSIS = YES;
				CLANG_WARN_STRICT_PROTOTYPES = YES;
				CLANG_WARN_SUSPICIOUS_MOVE = YES;
				CLANG_WARN_UNGUARDED_AVAILABILITY = YES_AGGRESSIVE;
				CLANG_WARN_UNREACHABLE_CODE = YES;
				CLANG_WARN__DUPLICATE_METHOD_MATCH = YES;
				COPY_PHASE_STRIP = NO;
				DEBUG_INFORMATION_FORMAT = "dwarf-with-dsym";
				ENABLE_NS_ASSERTIONS = NO;
				ENABLE_STRICT_OBJC_MSGSEND = YES;
				GCC_C_LANGUAGE_STANDARD = gnu11;
				GCC_NO_COMMON_BLOCKS = YES;
				GCC_WARN_64_TO_32_BIT_CONVERSION = YES;
				GCC_WARN_ABOUT_RETURN_TYPE = YES_ERROR;
				GCC_WARN_UNDECLARED_SELECTOR = YES;
				GCC_WARN_UNINITIALIZED_AUTOS = YES_AGGRESSIVE;
				GCC_WARN_UNUSED_FUNCTION = YES;
				GCC_WARN_UNUSED_VARIABLE = YES;
				INFOPLIST_FILE = FoodLab/Resources/Info.plist;
				IPHONEOS_DEPLOYMENT_TARGET = 16.2;
				MTL_ENABLE_DEBUG_INFO = NO;
				MTL_FAST_MATH = YES;
				SDKROOT = iphoneos;
				SWIFT_COMPILATION_MODE = wholemodule;
				SWIFT_OPTIMIZATION_LEVEL = "-O";
				VALIDATE_PRODUCT = YES;
			};
			name = Release;
		};
		DC207943297740CE00FABE95 /* Debug */ = {
			isa = XCBuildConfiguration;
			buildSettings = {
				ASSETCATALOG_COMPILER_APPICON_NAME = AppIcon;
				ASSETCATALOG_COMPILER_GLOBAL_ACCENT_COLOR_NAME = AccentColor;
				CODE_SIGN_STYLE = Automatic;
				CURRENT_PROJECT_VERSION = 1;
				DEVELOPMENT_TEAM = 3N48BLM93F;
				GENERATE_INFOPLIST_FILE = YES;
				INFOPLIST_FILE = FoodLab/Info.plist;
				INFOPLIST_KEY_UIApplicationSupportsIndirectInputEvents = YES;
				INFOPLIST_KEY_UILaunchStoryboardName = LaunchScreen;
				INFOPLIST_KEY_UISupportedInterfaceOrientations_iPad = "UIInterfaceOrientationPortrait UIInterfaceOrientationPortraitUpsideDown UIInterfaceOrientationLandscapeLeft UIInterfaceOrientationLandscapeRight";
				INFOPLIST_KEY_UISupportedInterfaceOrientations_iPhone = "UIInterfaceOrientationPortrait UIInterfaceOrientationLandscapeLeft UIInterfaceOrientationLandscapeRight";
				LD_RUNPATH_SEARCH_PATHS = (
					"$(inherited)",
					"@executable_path/Frameworks",
				);
				MARKETING_VERSION = 1.0;
				PRODUCT_BUNDLE_IDENTIFIER = ianlcz.io;
				PRODUCT_NAME = "$(TARGET_NAME)";
				SWIFT_EMIT_LOC_STRINGS = YES;
				SWIFT_VERSION = 5.0;
				TARGETED_DEVICE_FAMILY = "1,2";
			};
			name = Debug;
		};
		DC207944297740CE00FABE95 /* Release */ = {
			isa = XCBuildConfiguration;
			buildSettings = {
				ASSETCATALOG_COMPILER_APPICON_NAME = AppIcon;
				ASSETCATALOG_COMPILER_GLOBAL_ACCENT_COLOR_NAME = AccentColor;
				CODE_SIGN_STYLE = Automatic;
				CURRENT_PROJECT_VERSION = 1;
				DEVELOPMENT_TEAM = 3N48BLM93F;
				GENERATE_INFOPLIST_FILE = YES;
				INFOPLIST_FILE = FoodLab/Info.plist;
				INFOPLIST_KEY_UIApplicationSupportsIndirectInputEvents = YES;
				INFOPLIST_KEY_UILaunchStoryboardName = LaunchScreen;
				INFOPLIST_KEY_UISupportedInterfaceOrientations_iPad = "UIInterfaceOrientationPortrait UIInterfaceOrientationPortraitUpsideDown UIInterfaceOrientationLandscapeLeft UIInterfaceOrientationLandscapeRight";
				INFOPLIST_KEY_UISupportedInterfaceOrientations_iPhone = "UIInterfaceOrientationPortrait UIInterfaceOrientationLandscapeLeft UIInterfaceOrientationLandscapeRight";
				LD_RUNPATH_SEARCH_PATHS = (
					"$(inherited)",
					"@executable_path/Frameworks",
				);
				MARKETING_VERSION = 1.0;
				PRODUCT_BUNDLE_IDENTIFIER = ianlcz.io;
				PRODUCT_NAME = "$(TARGET_NAME)";
				SWIFT_EMIT_LOC_STRINGS = YES;
				SWIFT_VERSION = 5.0;
				TARGETED_DEVICE_FAMILY = "1,2";
			};
			name = Release;
		};
/* End XCBuildConfiguration section */

/* Begin XCConfigurationList section */
		DC207929297740CD00FABE95 /* Build configuration list for PBXProject "FoodLab" */ = {
			isa = XCConfigurationList;
			buildConfigurations = (
				DC207940297740CE00FABE95 /* Debug */,
				DC207941297740CE00FABE95 /* Release */,
			);
			defaultConfigurationIsVisible = 0;
			defaultConfigurationName = Release;
		};
		DC207942297740CE00FABE95 /* Build configuration list for PBXNativeTarget "FoodLab" */ = {
			isa = XCConfigurationList;
			buildConfigurations = (
				DC207943297740CE00FABE95 /* Debug */,
				DC207944297740CE00FABE95 /* Release */,
			);
			defaultConfigurationIsVisible = 0;
			defaultConfigurationName = Release;
		};
/* End XCConfigurationList section */
	};
	rootObject = DC207926297740CD00FABE95 /* Project object */;
}
